
Microsoft Visual Studio Solution File, Format Version 12.00
# Visual Studio Version 17
VisualStudioVersion = 17.11.35222.181
MinimumVisualStudioVersion = 10.0.40219.1
Project("{FAE04EC0-301F-11D3-BF4B-00C04F79EFBC}") = "Pet_Shop", "Pet_Shop\Pet_Shop.csproj", "{0EEAC18E-70DD-4BCB-B0FD-F13034DEBCA1}"
EndProject
Global
	GlobalSection(SolutionConfigurationPlatforms) = preSolution
		Debug|Any CPU = Debug|Any CPU
		Release|Any CPU = Release|Any CPU
	EndGlobalSection
	GlobalSection(ProjectConfigurationPlatforms) = postSolution
		{0EEAC18E-70DD-4BCB-B0FD-F13034DEBCA1}.Debug|Any CPU.ActiveCfg = Debug|Any CPU
		{0EEAC18E-70DD-4BCB-B0FD-F13034DEBCA1}.Debug|Any CPU.Build.0 = Debug|Any CPU
		{0EEAC18E-70DD-4BCB-B0FD-F13034DEBCA1}.Release|Any CPU.ActiveCfg = Release|Any CPU
		{0EEAC18E-70DD-4BCB-B0FD-F13034DEBCA1}.Release|Any CPU.Build.0 = Release|Any CPU
	EndGlobalSection
	GlobalSection(SolutionProperties) = preSolution
		HideSolutionNode = FALSE
	EndGlobalSection
	GlobalSection(ExtensibilityGlobals) = postSolution
		SolutionGuid = {45F94B37-310F-4A88-835A-92F2D732A211}
	EndGlobalSection
EndGlobal
